
Microsoft Visual Studio Solution File, Format Version 12.00
# Visual Studio Version 16
VisualStudioVersion = 16.0.31911.196
MinimumVisualStudioVersion = 10.0.40219.1
Project("{FAE04EC0-301F-11D3-BF4B-00C04F79EFBC}") = "AIHR-Logic", "AIHR-Logic\AIHR-Logic.csproj", "{FCB2B57A-C36E-4540-ACD5-3FE25D6670E5}"
EndProject
Global
	GlobalSection(SolutionConfigurationPlatforms) = preSolution
		Debug|Any CPU = Debug|Any CPU
		Release|Any CPU = Release|Any CPU
	EndGlobalSection
	GlobalSection(ProjectConfigurationPlatforms) = postSolution
		{FCB2B57A-C36E-4540-ACD5-3FE25D6670E5}.Debug|Any CPU.ActiveCfg = Debug|Any CPU
		{FCB2B57A-C36E-4540-ACD5-3FE25D6670E5}.Debug|Any CPU.Build.0 = Debug|Any CPU
		{FCB2B57A-C36E-4540-ACD5-3FE25D6670E5}.Release|Any CPU.ActiveCfg = Release|Any CPU
		{FCB2B57A-C36E-4540-ACD5-3FE25D6670E5}.Release|Any CPU.Build.0 = Release|Any CPU
	EndGlobalSection
	GlobalSection(SolutionProperties) = preSolution
		HideSolutionNode = FALSE
	EndGlobalSection
	GlobalSection(ExtensibilityGlobals) = postSolution
		SolutionGuid = {20955716-9CFC-43AB-89CD-6E7EBBB1DFA1}
	EndGlobalSection
EndGlobal
