
Microsoft Visual Studio Solution File, Format Version 12.00
# Visual Studio Version 16
VisualStudioVersion = 16.0.31911.196
MinimumVisualStudioVersion = 10.0.40219.1
Project("{FAE04EC0-301F-11D3-BF4B-00C04F79EFBC}") = "WorkloadCalculator.Server", "WorkloadCalculator\Server\WorkloadCalculator.Server.csproj", "{BBBCDD07-8281-4881-92F3-BEF82B263A15}"
EndProject
Project("{FAE04EC0-301F-11D3-BF4B-00C04F79EFBC}") = "WorkloadCalculator.Client", "WorkloadCalculator\Client\WorkloadCalculator.Client.csproj", "{B2CA4790-2190-41FB-B4A1-D8EA18D48294}"
EndProject
Project("{FAE04EC0-301F-11D3-BF4B-00C04F79EFBC}") = "WorkloadCalculator.Shared", "WorkloadCalculator\Shared\WorkloadCalculator.Shared.csproj", "{019C3182-C8B0-4359-81C7-CD43BE2D0169}"
EndProject
Global
	GlobalSection(SolutionConfigurationPlatforms) = preSolution
		Debug|Any CPU = Debug|Any CPU
		Release|Any CPU = Release|Any CPU
	EndGlobalSection
	GlobalSection(ProjectConfigurationPlatforms) = postSolution
		{BBBCDD07-8281-4881-92F3-BEF82B263A15}.Debug|Any CPU.ActiveCfg = Debug|Any CPU
		{BBBCDD07-8281-4881-92F3-BEF82B263A15}.Debug|Any CPU.Build.0 = Debug|Any CPU
		{BBBCDD07-8281-4881-92F3-BEF82B263A15}.Release|Any CPU.ActiveCfg = Release|Any CPU
		{BBBCDD07-8281-4881-92F3-BEF82B263A15}.Release|Any CPU.Build.0 = Release|Any CPU
		{B2CA4790-2190-41FB-B4A1-D8EA18D48294}.Debug|Any CPU.ActiveCfg = Debug|Any CPU
		{B2CA4790-2190-41FB-B4A1-D8EA18D48294}.Debug|Any CPU.Build.0 = Debug|Any CPU
		{B2CA4790-2190-41FB-B4A1-D8EA18D48294}.Release|Any CPU.ActiveCfg = Release|Any CPU
		{B2CA4790-2190-41FB-B4A1-D8EA18D48294}.Release|Any CPU.Build.0 = Release|Any CPU
		{019C3182-C8B0-4359-81C7-CD43BE2D0169}.Debug|Any CPU.ActiveCfg = Debug|Any CPU
		{019C3182-C8B0-4359-81C7-CD43BE2D0169}.Debug|Any CPU.Build.0 = Debug|Any CPU
		{019C3182-C8B0-4359-81C7-CD43BE2D0169}.Release|Any CPU.ActiveCfg = Release|Any CPU
		{019C3182-C8B0-4359-81C7-CD43BE2D0169}.Release|Any CPU.Build.0 = Release|Any CPU
	EndGlobalSection
	GlobalSection(SolutionProperties) = preSolution
		HideSolutionNode = FALSE
	EndGlobalSection
	GlobalSection(ExtensibilityGlobals) = postSolution
		SolutionGuid = {577896F5-04F0-4247-9616-4CC5772B079B}
	EndGlobalSection
EndGlobal
