
Microsoft Visual Studio Solution File, Format Version 12.00
# Visual Studio Version 16
VisualStudioVersion = 16.0.31911.196
MinimumVisualStudioVersion = 10.0.40219.1
Project("{FAE04EC0-301F-11D3-BF4B-00C04F79EFBC}") = "WorkloadCalculator.Server", "WorkloadCalculator\Server\WorkloadCalculator.Server.csproj", "{3E3757A2-6D87-441C-A184-4AF5267CF817}"
EndProject
Project("{FAE04EC0-301F-11D3-BF4B-00C04F79EFBC}") = "WorkloadCalculator.Client", "WorkloadCalculator\Client\WorkloadCalculator.Client.csproj", "{6EEB2D11-67EB-4467-AE11-FCAA4EAC5387}"
EndProject
Project("{FAE04EC0-301F-11D3-BF4B-00C04F79EFBC}") = "WorkloadCalculator.Shared", "WorkloadCalculator\Shared\WorkloadCalculator.Shared.csproj", "{8C187F0E-891E-4516-ADA0-84155FA4D820}"
EndProject
Global
	GlobalSection(SolutionConfigurationPlatforms) = preSolution
		Debug|Any CPU = Debug|Any CPU
		Release|Any CPU = Release|Any CPU
	EndGlobalSection
	GlobalSection(ProjectConfigurationPlatforms) = postSolution
		{3E3757A2-6D87-441C-A184-4AF5267CF817}.Debug|Any CPU.ActiveCfg = Debug|Any CPU
		{3E3757A2-6D87-441C-A184-4AF5267CF817}.Debug|Any CPU.Build.0 = Debug|Any CPU
		{3E3757A2-6D87-441C-A184-4AF5267CF817}.Release|Any CPU.ActiveCfg = Release|Any CPU
		{3E3757A2-6D87-441C-A184-4AF5267CF817}.Release|Any CPU.Build.0 = Release|Any CPU
		{6EEB2D11-67EB-4467-AE11-FCAA4EAC5387}.Debug|Any CPU.ActiveCfg = Debug|Any CPU
		{6EEB2D11-67EB-4467-AE11-FCAA4EAC5387}.Debug|Any CPU.Build.0 = Debug|Any CPU
		{6EEB2D11-67EB-4467-AE11-FCAA4EAC5387}.Release|Any CPU.ActiveCfg = Release|Any CPU
		{6EEB2D11-67EB-4467-AE11-FCAA4EAC5387}.Release|Any CPU.Build.0 = Release|Any CPU
		{8C187F0E-891E-4516-ADA0-84155FA4D820}.Debug|Any CPU.ActiveCfg = Debug|Any CPU
		{8C187F0E-891E-4516-ADA0-84155FA4D820}.Debug|Any CPU.Build.0 = Debug|Any CPU
		{8C187F0E-891E-4516-ADA0-84155FA4D820}.Release|Any CPU.ActiveCfg = Release|Any CPU
		{8C187F0E-891E-4516-ADA0-84155FA4D820}.Release|Any CPU.Build.0 = Release|Any CPU
	EndGlobalSection
	GlobalSection(SolutionProperties) = preSolution
		HideSolutionNode = FALSE
	EndGlobalSection
	GlobalSection(ExtensibilityGlobals) = postSolution
		SolutionGuid = {0FFD2CE1-EC66-45B7-A83E-21B9D25AEF10}
	EndGlobalSection
EndGlobal
